
Microsoft Visual Studio Solution File, Format Version 12.00
# Visual Studio Version 17
VisualStudioVersion = 17.2.32505.173
MinimumVisualStudioVersion = 10.0.40219.1
Project("{9A19103F-16F7-4668-BE54-9A1E7A4F7556}") = "Adinux.Wasm.Server", "Adinux.Wasm\Server\Adinux.Wasm.Server.csproj", "{25F0E059-8B89-4D48-9F42-800B8E9B2D1C}"
EndProject
Project("{9A19103F-16F7-4668-BE54-9A1E7A4F7556}") = "Adinux.Wasm.Client", "Adinux.Wasm\Client\Adinux.Wasm.Client.csproj", "{A6094CEF-011A-4A6D-AB69-A5F0079ACC63}"
EndProject
Project("{9A19103F-16F7-4668-BE54-9A1E7A4F7556}") = "Adinux.Wasm.Shared", "Adinux.Wasm\Shared\Adinux.Wasm.Shared.csproj", "{A1F2B10B-64B6-46DB-BFDD-083D08A5B0A3}"
EndProject
Global
	GlobalSection(SolutionConfigurationPlatforms) = preSolution
		Debug|Any CPU = Debug|Any CPU
		Release|Any CPU = Release|Any CPU
	EndGlobalSection
	GlobalSection(ProjectConfigurationPlatforms) = postSolution
		{25F0E059-8B89-4D48-9F42-800B8E9B2D1C}.Debug|Any CPU.ActiveCfg = Debug|Any CPU
		{25F0E059-8B89-4D48-9F42-800B8E9B2D1C}.Debug|Any CPU.Build.0 = Debug|Any CPU
		{25F0E059-8B89-4D48-9F42-800B8E9B2D1C}.Release|Any CPU.ActiveCfg = Release|Any CPU
		{25F0E059-8B89-4D48-9F42-800B8E9B2D1C}.Release|Any CPU.Build.0 = Release|Any CPU
		{A6094CEF-011A-4A6D-AB69-A5F0079ACC63}.Debug|Any CPU.ActiveCfg = Debug|Any CPU
		{A6094CEF-011A-4A6D-AB69-A5F0079ACC63}.Debug|Any CPU.Build.0 = Debug|Any CPU
		{A6094CEF-011A-4A6D-AB69-A5F0079ACC63}.Release|Any CPU.ActiveCfg = Release|Any CPU
		{A6094CEF-011A-4A6D-AB69-A5F0079ACC63}.Release|Any CPU.Build.0 = Release|Any CPU
		{A1F2B10B-64B6-46DB-BFDD-083D08A5B0A3}.Debug|Any CPU.ActiveCfg = Debug|Any CPU
		{A1F2B10B-64B6-46DB-BFDD-083D08A5B0A3}.Debug|Any CPU.Build.0 = Debug|Any CPU
		{A1F2B10B-64B6-46DB-BFDD-083D08A5B0A3}.Release|Any CPU.ActiveCfg = Release|Any CPU
		{A1F2B10B-64B6-46DB-BFDD-083D08A5B0A3}.Release|Any CPU.Build.0 = Release|Any CPU
	EndGlobalSection
	GlobalSection(SolutionProperties) = preSolution
		HideSolutionNode = FALSE
	EndGlobalSection
	GlobalSection(ExtensibilityGlobals) = postSolution
		SolutionGuid = {9DA027FD-8F89-456A-AFA7-BBE83756DE8E}
	EndGlobalSection
EndGlobal
